
Microsoft Visual Studio Solution File, Format Version 11.00
# Visual Studio 2010
Project("{FAE04EC0-301F-11D3-BF4B-00C04F79EFBC}") = "Assembly-CSharp", "Assembly-CSharp.csproj", "{CC0F05D2-026C-5E7E-6BFD-036E7C48F63E}"
EndProject
Global
	GlobalSection(SolutionConfigurationPlatforms) = preSolution
		Debug|Any CPU = Debug|Any CPU
		Release|Any CPU = Release|Any CPU
	EndGlobalSection
	GlobalSection(ProjectConfigurationPlatforms) = postSolution
		{CC0F05D2-026C-5E7E-6BFD-036E7C48F63E}.Debug|Any CPU.ActiveCfg = Debug|Any CPU
		{CC0F05D2-026C-5E7E-6BFD-036E7C48F63E}.Debug|Any CPU.Build.0 = Debug|Any CPU
		{CC0F05D2-026C-5E7E-6BFD-036E7C48F63E}.Release|Any CPU.ActiveCfg = Release|Any CPU
		{CC0F05D2-026C-5E7E-6BFD-036E7C48F63E}.Release|Any CPU.Build.0 = Release|Any CPU
	EndGlobalSection
	GlobalSection(SolutionProperties) = preSolution
		HideSolutionNode = FALSE
	EndGlobalSection
EndGlobal
